// !$*UTF8*$!
{
	archiveVersion = 1;
	classes = {
	};
	objectVersion = 77;
	objects = {

/* Begin PBXBuildFile section */
		F84491952D4F778C00EDA7EF /* GoogleMaps in Frameworks */ = {isa = PBXBuildFile; productRef = F84491942D4F778C00EDA7EF /* GoogleMaps */; };
		F8E616EF2DC6E14800B90AAB /* Apollo in Frameworks */ = {isa = PBXBuildFile; productRef = F8E616EE2DC6E14800B90AAB /* Apollo */; };
		F8E616F32DC6E14800B90AAB /* ApolloAPI in Frameworks */ = {isa = PBXBuildFile; productRef = F8E616F22DC6E14800B90AAB /* ApolloAPI */; };
		F8E616F52DC6E14800B90AAB /* ApolloSQLite in Frameworks */ = {isa = PBXBuildFile; productRef = F8E616F42DC6E14800B90AAB /* ApolloSQLite */; };
		F8E616F72DC6E14800B90AAB /* ApolloTestSupport in Frameworks */ = {isa = PBXBuildFile; productRef = F8E616F62DC6E14800B90AAB /* ApolloTestSupport */; };
		F8E61B0E2DCDEDC100B90AAB /* FirebaseCore in Frameworks */ = {isa = PBXBuildFile; productRef = F8E61B0D2DCDEDC100B90AAB /* FirebaseCore */; };
		F8E61B102DCDEDC100B90AAB /* FirebaseStorage in Frameworks */ = {isa = PBXBuildFile; productRef = F8E61B0F2DCDEDC100B90AAB /* FirebaseStorage */; };
		F8E61BFB2DD1AE2500B90AAB /* FirebaseAuth in Frameworks */ = {isa = PBXBuildFile; productRef = F8E61BFA2DD1AE2500B90AAB /* FirebaseAuth */; };
/* End PBXBuildFile section */

/* Begin PBXContainerItemProxy section */
		F80B64282D33F31800C067D2 /* PBXContainerItemProxy */ = {
			isa = PBXContainerItemProxy;
			containerPortal = F80B64092D33F31700C067D2 /* Project object */;
			proxyType = 1;
			remoteGlobalIDString = F80B64102D33F31700C067D2;
			remoteInfo = Panform;
		};
		F80B64322D33F31800C067D2 /* PBXContainerItemProxy */ = {
			isa = PBXContainerItemProxy;
			containerPortal = F80B64092D33F31700C067D2 /* Project object */;
			proxyType = 1;
			remoteGlobalIDString = F80B64102D33F31700C067D2;
			remoteInfo = Panform;
		};
/* End PBXContainerItemProxy section */

/* Begin PBXFileReference section */
		F80B64112D33F31700C067D2 /* Panform.app */ = {isa = PBXFileReference; explicitFileType = wrapper.application; includeInIndex = 0; path = Panform.app; sourceTree = BUILT_PRODUCTS_DIR; };
		F80B64272D33F31800C067D2 /* PanformTests.xctest */ = {isa = PBXFileReference; explicitFileType = wrapper.cfbundle; includeInIndex = 0; path = PanformTests.xctest; sourceTree = BUILT_PRODUCTS_DIR; };
		F80B64312D33F31800C067D2 /* PanformUITests.xctest */ = {isa = PBXFileReference; explicitFileType = wrapper.cfbundle; includeInIndex = 0; path = PanformUITests.xctest; sourceTree = BUILT_PRODUCTS_DIR; };
/* End PBXFileReference section */

/* Begin PBXFileSystemSynchronizedBuildFileExceptionSet section */
		F80B64392D33F31800C067D2 /* Exceptions for "Panform" folder in "Panform" target */ = {
			isa = PBXFileSystemSynchronizedBuildFileExceptionSet;
			membershipExceptions = (
				Info.plist,
			);
			target = F80B64102D33F31700C067D2 /* Panform */;
		};
/* End PBXFileSystemSynchronizedBuildFileExceptionSet section */

/* Begin PBXFileSystemSynchronizedRootGroup section */
		F80B64132D33F31700C067D2 /* Panform */ = {
			isa = PBXFileSystemSynchronizedRootGroup;
			exceptions = (
				F80B64392D33F31800C067D2 /* Exceptions for "Panform" folder in "Panform" target */,
			);
			path = Panform;
			sourceTree = "<group>";
		};
		F80B642A2D33F31800C067D2 /* PanformTests */ = {
			isa = PBXFileSystemSynchronizedRootGroup;
			path = PanformTests;
			sourceTree = "<group>";
		};
		F80B64342D33F31800C067D2 /* PanformUITests */ = {
			isa = PBXFileSystemSynchronizedRootGroup;
			path = PanformUITests;
			sourceTree = "<group>";
		};
/* End PBXFileSystemSynchronizedRootGroup section */

/* Begin PBXFrameworksBuildPhase section */
		F80B640E2D33F31700C067D2 /* Frameworks */ = {
			isa = PBXFrameworksBuildPhase;
			buildActionMask = 2147483647;
			files = (
				F84491952D4F778C00EDA7EF /* GoogleMaps in Frameworks */,
				F8E616EF2DC6E14800B90AAB /* Apollo in Frameworks */,
				F8E616F52DC6E14800B90AAB /* ApolloSQLite in Frameworks */,
				F8E616F72DC6E14800B90AAB /* ApolloTestSupport in Frameworks */,
				F8E61B102DCDEDC100B90AAB /* FirebaseStorage in Frameworks */,
				F8E61B0E2DCDEDC100B90AAB /* FirebaseCore in Frameworks */,
				F8E616F32DC6E14800B90AAB /* ApolloAPI in Frameworks */,
				F8E61BFB2DD1AE2500B90AAB /* FirebaseAuth in Frameworks */,
			);
			runOnlyForDeploymentPostprocessing = 0;
		};
		F80B64242D33F31800C067D2 /* Frameworks */ = {
			isa = PBXFrameworksBuildPhase;
			buildActionMask = 2147483647;
			files = (
			);
			runOnlyForDeploymentPostprocessing = 0;
		};
		F80B642E2D33F31800C067D2 /* Frameworks */ = {
			isa = PBXFrameworksBuildPhase;
			buildActionMask = 2147483647;
			files = (
			);
			runOnlyForDeploymentPostprocessing = 0;
		};
/* End PBXFrameworksBuildPhase section */

/* Begin PBXGroup section */
		F80B64082D33F31700C067D2 = {
			isa = PBXGroup;
			children = (
				F80B64132D33F31700C067D2 /* Panform */,
				F80B642A2D33F31800C067D2 /* PanformTests */,
				F80B64342D33F31800C067D2 /* PanformUITests */,
				F84491932D4F778C00EDA7EF /* Frameworks */,
				F80B64122D33F31700C067D2 /* Products */,
			);
			sourceTree = "<group>";
		};
		F80B64122D33F31700C067D2 /* Products */ = {
			isa = PBXGroup;
			children = (
				F80B64112D33F31700C067D2 /* Panform.app */,
				F80B64272D33F31800C067D2 /* PanformTests.xctest */,
				F80B64312D33F31800C067D2 /* PanformUITests.xctest */,
			);
			name = Products;
			sourceTree = "<group>";
		};
		F84491932D4F778C00EDA7EF /* Frameworks */ = {
			isa = PBXGroup;
			children = (
			);
			name = Frameworks;
			sourceTree = "<group>";
		};
/* End PBXGroup section */

/* Begin PBXNativeTarget section */
		F80B64102D33F31700C067D2 /* Panform */ = {
			isa = PBXNativeTarget;
			buildConfigurationList = F80B643A2D33F31800C067D2 /* Build configuration list for PBXNativeTarget "Panform" */;
			buildPhases = (
				F80B640D2D33F31700C067D2 /* Sources */,
				F80B640E2D33F31700C067D2 /* Frameworks */,
				F80B640F2D33F31700C067D2 /* Resources */,
			);
			buildRules = (
			);
			dependencies = (
			);
			fileSystemSynchronizedGroups = (
				F80B64132D33F31700C067D2 /* Panform */,
			);
			name = Panform;
			packageProductDependencies = (
				F84491942D4F778C00EDA7EF /* GoogleMaps */,
				F8E616EE2DC6E14800B90AAB /* Apollo */,
				F8E616F22DC6E14800B90AAB /* ApolloAPI */,
				F8E616F42DC6E14800B90AAB /* ApolloSQLite */,
				F8E616F62DC6E14800B90AAB /* ApolloTestSupport */,
				F8E61B0D2DCDEDC100B90AAB /* FirebaseCore */,
				F8E61B0F2DCDEDC100B90AAB /* FirebaseStorage */,
				F8E61BFA2DD1AE2500B90AAB /* FirebaseAuth */,
			);
			productName = Panform;
			productReference = F80B64112D33F31700C067D2 /* Panform.app */;
			productType = "com.apple.product-type.application";
		};
		F80B64262D33F31800C067D2 /* PanformTests */ = {
			isa = PBXNativeTarget;
			buildConfigurationList = F80B643F2D33F31800C067D2 /* Build configuration list for PBXNativeTarget "PanformTests" */;
			buildPhases = (
				F80B64232D33F31800C067D2 /* Sources */,
				F80B64242D33F31800C067D2 /* Frameworks */,
				F80B64252D33F31800C067D2 /* Resources */,
			);
			buildRules = (
			);
			dependencies = (
				F80B64292D33F31800C067D2 /* PBXTargetDependency */,
			);
			fileSystemSynchronizedGroups = (
				F80B642A2D33F31800C067D2 /* PanformTests */,
			);
			name = PanformTests;
			packageProductDependencies = (
			);
			productName = PanformTests;
			productReference = F80B64272D33F31800C067D2 /* PanformTests.xctest */;
			productType = "com.apple.product-type.bundle.unit-test";
		};
		F80B64302D33F31800C067D2 /* PanformUITests */ = {
			isa = PBXNativeTarget;
			buildConfigurationList = F80B64422D33F31800C067D2 /* Build configuration list for PBXNativeTarget "PanformUITests" */;
			buildPhases = (
				F80B642D2D33F31800C067D2 /* Sources */,
				F80B642E2D33F31800C067D2 /* Frameworks */,
				F80B642F2D33F31800C067D2 /* Resources */,
			);
			buildRules = (
			);
			dependencies = (
				F80B64332D33F31800C067D2 /* PBXTargetDependency */,
			);
			fileSystemSynchronizedGroups = (
				F80B64342D33F31800C067D2 /* PanformUITests */,
			);
			name = PanformUITests;
			packageProductDependencies = (
			);
			productName = PanformUITests;
			productReference = F80B64312D33F31800C067D2 /* PanformUITests.xctest */;
			productType = "com.apple.product-type.bundle.ui-testing";
		};
/* End PBXNativeTarget section */

/* Begin PBXProject section */
		F80B64092D33F31700C067D2 /* Project object */ = {
			isa = PBXProject;
			attributes = {
				BuildIndependentTargetsInParallel = 1;
				LastSwiftUpdateCheck = 1600;
				LastUpgradeCheck = 1600;
				TargetAttributes = {
					F80B64102D33F31700C067D2 = {
						CreatedOnToolsVersion = 16.0;
					};
					F80B64262D33F31800C067D2 = {
						CreatedOnToolsVersion = 16.0;
						TestTargetID = F80B64102D33F31700C067D2;
					};
					F80B64302D33F31800C067D2 = {
						CreatedOnToolsVersion = 16.0;
						TestTargetID = F80B64102D33F31700C067D2;
					};
				};
			};
			buildConfigurationList = F80B640C2D33F31700C067D2 /* Build configuration list for PBXProject "Panform" */;
			developmentRegion = en;
			hasScannedForEncodings = 0;
			knownRegions = (
				en,
				Base,
			);
			mainGroup = F80B64082D33F31700C067D2;
			minimizedProjectReferenceProxies = 1;
			packageReferences = (
				F84491902D4F735A00EDA7EF /* XCRemoteSwiftPackageReference "ios-maps-sdk" */,
				F8E616ED2DC6E14800B90AAB /* XCRemoteSwiftPackageReference "apollo-ios" */,
				F8E61B0C2DCDEDC100B90AAB /* XCRemoteSwiftPackageReference "firebase-ios-sdk" */,
			);
			preferredProjectObjectVersion = 77;
			productRefGroup = F80B64122D33F31700C067D2 /* Products */;
			projectDirPath = "";
			projectRoot = "";
			targets = (
				F80B64102D33F31700C067D2 /* Panform */,
				F80B64262D33F31800C067D2 /* PanformTests */,
				F80B64302D33F31800C067D2 /* PanformUITests */,
			);
		};
/* End PBXProject section */

/* Begin PBXResourcesBuildPhase section */
		F80B640F2D33F31700C067D2 /* Resources */ = {
			isa = PBXResourcesBuildPhase;
			buildActionMask = 2147483647;
			files = (
			);
			runOnlyForDeploymentPostprocessing = 0;
		};
		F80B64252D33F31800C067D2 /* Resources */ = {
			isa = PBXResourcesBuildPhase;
			buildActionMask = 2147483647;
			files = (
			);
			runOnlyForDeploymentPostprocessing = 0;
		};
		F80B642F2D33F31800C067D2 /* Resources */ = {
			isa = PBXResourcesBuildPhase;
			buildActionMask = 2147483647;
			files = (
			);
			runOnlyForDeploymentPostprocessing = 0;
		};
/* End PBXResourcesBuildPhase section */

/* Begin PBXSourcesBuildPhase section */
		F80B640D2D33F31700C067D2 /* Sources */ = {
			isa = PBXSourcesBuildPhase;
			buildActionMask = 2147483647;
			files = (
			);
			runOnlyForDeploymentPostprocessing = 0;
		};
		F80B64232D33F31800C067D2 /* Sources */ = {
			isa = PBXSourcesBuildPhase;
			buildActionMask = 2147483647;
			files = (
			);
			runOnlyForDeploymentPostprocessing = 0;
		};
		F80B642D2D33F31800C067D2 /* Sources */ = {
			isa = PBXSourcesBuildPhase;
			buildActionMask = 2147483647;
			files = (
			);
			runOnlyForDeploymentPostprocessing = 0;
		};
/* End PBXSourcesBuildPhase section */

/* Begin PBXTargetDependency section */
		F80B64292D33F31800C067D2 /* PBXTargetDependency */ = {
			isa = PBXTargetDependency;
			target = F80B64102D33F31700C067D2 /* Panform */;
			targetProxy = F80B64282D33F31800C067D2 /* PBXContainerItemProxy */;
		};
		F80B64332D33F31800C067D2 /* PBXTargetDependency */ = {
			isa = PBXTargetDependency;
			target = F80B64102D33F31700C067D2 /* Panform */;
			targetProxy = F80B64322D33F31800C067D2 /* PBXContainerItemProxy */;
		};
/* End PBXTargetDependency section */

/* Begin XCBuildConfiguration section */
		F80B643B2D33F31800C067D2 /* Debug */ = {
			isa = XCBuildConfiguration;
			buildSettings = {
				ASSETCATALOG_COMPILER_APPICON_NAME = AppIcon;
				ASSETCATALOG_COMPILER_GLOBAL_ACCENT_COLOR_NAME = AccentColor;
				CODE_SIGN_STYLE = Automatic;
				CURRENT_PROJECT_VERSION = 1;
				DEVELOPMENT_TEAM = R3B8FY6GM3;
				GENERATE_INFOPLIST_FILE = YES;
				INFOPLIST_FILE = Panform/Info.plist;
				INFOPLIST_KEY_UIApplicationSupportsIndirectInputEvents = YES;
				INFOPLIST_KEY_UILaunchStoryboardName = LaunchScreen;
				INFOPLIST_KEY_UIMainStoryboardFile = Main;
				INFOPLIST_KEY_UISupportedInterfaceOrientations_iPad = "UIInterfaceOrientationPortrait UIInterfaceOrientationPortraitUpsideDown UIInterfaceOrientationLandscapeLeft UIInterfaceOrientationLandscapeRight";
				INFOPLIST_KEY_UISupportedInterfaceOrientations_iPhone = "UIInterfaceOrientationPortrait UIInterfaceOrientationLandscapeLeft UIInterfaceOrientationLandscapeRight";
				LD_RUNPATH_SEARCH_PATHS = (
					"$(inherited)",
					"@executable_path/Frameworks",
				);
				MARKETING_VERSION = 1.0;
				PRODUCT_BUNDLE_IDENTIFIER = com.shotaro.doi.Panform;
				PRODUCT_NAME = "$(TARGET_NAME)";
				SWIFT_EMIT_LOC_STRINGS = YES;
				SWIFT_VERSION = 5.0;
				TARGETED_DEVICE_FAMILY = "1,2";
			};
			name = Debug;
		};
		F80B643C2D33F31800C067D2 /* Release */ = {
			isa = XCBuildConfiguration;
			buildSettings = {
				ASSETCATALOG_COMPILER_APPICON_NAME = AppIcon;
				ASSETCATALOG_COMPILER_GLOBAL_ACCENT_COLOR_NAME = AccentColor;
				CODE_SIGN_STYLE = Automatic;
				CURRENT_PROJECT_VERSION = 1;
				DEVELOPMENT_TEAM = R3B8FY6GM3;
				GENERATE_INFOPLIST_FILE = YES;
				INFOPLIST_FILE = Panform/Info.plist;
				INFOPLIST_KEY_UIApplicationSupportsIndirectInputEvents = YES;
				INFOPLIST_KEY_UILaunchStoryboardName = LaunchScreen;
				INFOPLIST_KEY_UIMainStoryboardFile = Main;
				INFOPLIST_KEY_UISupportedInterfaceOrientations_iPad = "UIInterfaceOrientationPortrait UIInterfaceOrientationPortraitUpsideDown UIInterfaceOrientationLandscapeLeft UIInterfaceOrientationLandscapeRight";
				INFOPLIST_KEY_UISupportedInterfaceOrientations_iPhone = "UIInterfaceOrientationPortrait UIInterfaceOrientationLandscapeLeft UIInterfaceOrientationLandscapeRight";
				LD_RUNPATH_SEARCH_PATHS = (
					"$(inherited)",
					"@executable_path/Frameworks",
				);
				MARKETING_VERSION = 1.0;
				PRODUCT_BUNDLE_IDENTIFIER = com.shotaro.doi.Panform;
				PRODUCT_NAME = "$(TARGET_NAME)";
				SWIFT_EMIT_LOC_STRINGS = YES;
				SWIFT_VERSION = 5.0;
				TARGETED_DEVICE_FAMILY = "1,2";
			};
			name = Release;
		};
		F80B643D2D33F31800C067D2 /* Debug */ = {
			isa = XCBuildConfiguration;
			buildSettings = {
				ALWAYS_SEARCH_USER_PATHS = NO;
				ASSETCATALOG_COMPILER_GENERATE_SWIFT_ASSET_SYMBOL_EXTENSIONS = YES;
				CLANG_ANALYZER_NONNULL = YES;
				CLANG_ANALYZER_NUMBER_OBJECT_CONVERSION = YES_AGGRESSIVE;
				CLANG_CXX_LANGUAGE_STANDARD = "gnu++20";
				CLANG_ENABLE_MODULES = YES;
				CLANG_ENABLE_OBJC_ARC = YES;
				CLANG_ENABLE_OBJC_WEAK = YES;
				CLANG_WARN_BLOCK_CAPTURE_AUTORELEASING = YES;
				CLANG_WARN_BOOL_CONVERSION = YES;
				CLANG_WARN_COMMA = YES;
				CLANG_WARN_CONSTANT_CONVERSION = YES;
				CLANG_WARN_DEPRECATED_OBJC_IMPLEMENTATIONS = YES;
				CLANG_WARN_DIRECT_OBJC_ISA_USAGE = YES_ERROR;
				CLANG_WARN_DOCUMENTATION_COMMENTS = YES;
				CLANG_WARN_EMPTY_BODY = YES;
				CLANG_WARN_ENUM_CONVERSION = YES;
				CLANG_WARN_INFINITE_RECURSION = YES;
				CLANG_WARN_INT_CONVERSION = YES;
				CLANG_WARN_NON_LITERAL_NULL_CONVERSION = YES;
				CLANG_WARN_OBJC_IMPLICIT_RETAIN_SELF = YES;
				CLANG_WARN_OBJC_LITERAL_CONVERSION = YES;
				CLANG_WARN_OBJC_ROOT_CLASS = YES_ERROR;
				CLANG_WARN_QUOTED_INCLUDE_IN_FRAMEWORK_HEADER = YES;
				CLANG_WARN_RANGE_LOOP_ANALYSIS = YES;
				CLANG_WARN_STRICT_PROTOTYPES = YES;
				CLANG_WARN_SUSPICIOUS_MOVE = YES;
				CLANG_WARN_UNGUARDED_AVAILABILITY = YES_AGGRESSIVE;
				CLANG_WARN_UNREACHABLE_CODE = YES;
				CLANG_WARN__DUPLICATE_METHOD_MATCH = YES;
				COPY_PHASE_STRIP = NO;
				DEBUG_INFORMATION_FORMAT = dwarf;
				ENABLE_STRICT_OBJC_MSGSEND = YES;
				ENABLE_TESTABILITY = YES;
				ENABLE_USER_SCRIPT_SANDBOXING = YES;
				GCC_C_LANGUAGE_STANDARD = gnu17;
				GCC_DYNAMIC_NO_PIC = NO;
				GCC_NO_COMMON_BLOCKS = YES;
				GCC_OPTIMIZATION_LEVEL = 0;
				GCC_PREPROCESSOR_DEFINITIONS = (
					"DEBUG=1",
					"$(inherited)",
				);
				GCC_WARN_64_TO_32_BIT_CONVERSION = YES;
				GCC_WARN_ABOUT_RETURN_TYPE = YES_ERROR;
				GCC_WARN_UNDECLARED_SELECTOR = YES;
				GCC_WARN_UNINITIALIZED_AUTOS = YES_AGGRESSIVE;
				GCC_WARN_UNUSED_FUNCTION = YES;
				GCC_WARN_UNUSED_VARIABLE = YES;
				IPHONEOS_DEPLOYMENT_TARGET = 18.0;
				LOCALIZATION_PREFERS_STRING_CATALOGS = YES;
				MTL_ENABLE_DEBUG_INFO = INCLUDE_SOURCE;
				MTL_FAST_MATH = YES;
				ONLY_ACTIVE_ARCH = YES;
				SDKROOT = iphoneos;
				SWIFT_ACTIVE_COMPILATION_CONDITIONS = "DEBUG $(inherited)";
				SWIFT_OPTIMIZATION_LEVEL = "-Onone";
			};
			name = Debug;
		};
		F80B643E2D33F31800C067D2 /* Release */ = {
			isa = XCBuildConfiguration;
			buildSettings = {
				ALWAYS_SEARCH_USER_PATHS = NO;
				ASSETCATALOG_COMPILER_GENERATE_SWIFT_ASSET_SYMBOL_EXTENSIONS = YES;
				CLANG_ANALYZER_NONNULL = YES;
				CLANG_ANALYZER_NUMBER_OBJECT_CONVERSION = YES_AGGRESSIVE;
				CLANG_CXX_LANGUAGE_STANDARD = "gnu++20";
				CLANG_ENABLE_MODULES = YES;
				CLANG_ENABLE_OBJC_ARC = YES;
				CLANG_ENABLE_OBJC_WEAK = YES;
				CLANG_WARN_BLOCK_CAPTURE_AUTORELEASING = YES;
				CLANG_WARN_BOOL_CONVERSION = YES;
				CLANG_WARN_COMMA = YES;
				CLANG_WARN_CONSTANT_CONVERSION = YES;
				CLANG_WARN_DEPRECATED_OBJC_IMPLEMENTATIONS = YES;
				CLANG_WARN_DIRECT_OBJC_ISA_USAGE = YES_ERROR;
				CLANG_WARN_DOCUMENTATION_COMMENTS = YES;
				CLANG_WARN_EMPTY_BODY = YES;
				CLANG_WARN_ENUM_CONVERSION = YES;
				CLANG_WARN_INFINITE_RECURSION = YES;
				CLANG_WARN_INT_CONVERSION = YES;
				CLANG_WARN_NON_LITERAL_NULL_CONVERSION = YES;
				CLANG_WARN_OBJC_IMPLICIT_RETAIN_SELF = YES;
				CLANG_WARN_OBJC_LITERAL_CONVERSION = YES;
				CLANG_WARN_OBJC_ROOT_CLASS = YES_ERROR;
				CLANG_WARN_QUOTED_INCLUDE_IN_FRAMEWORK_HEADER = YES;
				CLANG_WARN_RANGE_LOOP_ANALYSIS = YES;
				CLANG_WARN_STRICT_PROTOTYPES = YES;
				CLANG_WARN_SUSPICIOUS_MOVE = YES;
				CLANG_WARN_UNGUARDED_AVAILABILITY = YES_AGGRESSIVE;
				CLANG_WARN_UNREACHABLE_CODE = YES;
				CLANG_WARN__DUPLICATE_METHOD_MATCH = YES;
				COPY_PHASE_STRIP = NO;
				DEBUG_INFORMATION_FORMAT = "dwarf-with-dsym";
				ENABLE_NS_ASSERTIONS = NO;
				ENABLE_STRICT_OBJC_MSGSEND = YES;
				ENABLE_USER_SCRIPT_SANDBOXING = YES;
				GCC_C_LANGUAGE_STANDARD = gnu17;
				GCC_NO_COMMON_BLOCKS = YES;
				GCC_WARN_64_TO_32_BIT_CONVERSION = YES;
				GCC_WARN_ABOUT_RETURN_TYPE = YES_ERROR;
				GCC_WARN_UNDECLARED_SELECTOR = YES;
				GCC_WARN_UNINITIALIZED_AUTOS = YES_AGGRESSIVE;
				GCC_WARN_UNUSED_FUNCTION = YES;
				GCC_WARN_UNUSED_VARIABLE = YES;
				IPHONEOS_DEPLOYMENT_TARGET = 18.0;
				LOCALIZATION_PREFERS_STRING_CATALOGS = YES;
				MTL_ENABLE_DEBUG_INFO = NO;
				MTL_FAST_MATH = YES;
				SDKROOT = iphoneos;
				SWIFT_COMPILATION_MODE = wholemodule;
				VALIDATE_PRODUCT = YES;
			};
			name = Release;
		};
		F80B64402D33F31800C067D2 /* Debug */ = {
			isa = XCBuildConfiguration;
			buildSettings = {
				BUNDLE_LOADER = "$(TEST_HOST)";
				CODE_SIGN_STYLE = Automatic;
				CURRENT_PROJECT_VERSION = 1;
				DEVELOPMENT_TEAM = R3B8FY6GM3;
				GENERATE_INFOPLIST_FILE = YES;
				IPHONEOS_DEPLOYMENT_TARGET = 18.0;
				MARKETING_VERSION = 1.0;
				PRODUCT_BUNDLE_IDENTIFIER = com.shotaro.doi.PanformTests;
				PRODUCT_NAME = "$(TARGET_NAME)";
				SWIFT_EMIT_LOC_STRINGS = NO;
				SWIFT_VERSION = 5.0;
				TARGETED_DEVICE_FAMILY = "1,2";
				TEST_HOST = "$(BUILT_PRODUCTS_DIR)/Panform.app/$(BUNDLE_EXECUTABLE_FOLDER_PATH)/Panform";
			};
			name = Debug;
		};
		F80B64412D33F31800C067D2 /* Release */ = {
			isa = XCBuildConfiguration;
			buildSettings = {
				BUNDLE_LOADER = "$(TEST_HOST)";
				CODE_SIGN_STYLE = Automatic;
				CURRENT_PROJECT_VERSION = 1;
				DEVELOPMENT_TEAM = R3B8FY6GM3;
				GENERATE_INFOPLIST_FILE = YES;
				IPHONEOS_DEPLOYMENT_TARGET = 18.0;
				MARKETING_VERSION = 1.0;
				PRODUCT_BUNDLE_IDENTIFIER = com.shotaro.doi.PanformTests;
				PRODUCT_NAME = "$(TARGET_NAME)";
				SWIFT_EMIT_LOC_STRINGS = NO;
				SWIFT_VERSION = 5.0;
				TARGETED_DEVICE_FAMILY = "1,2";
				TEST_HOST = "$(BUILT_PRODUCTS_DIR)/Panform.app/$(BUNDLE_EXECUTABLE_FOLDER_PATH)/Panform";
			};
			name = Release;
		};
		F80B64432D33F31800C067D2 /* Debug */ = {
			isa = XCBuildConfiguration;
			buildSettings = {
				CODE_SIGN_STYLE = Automatic;
				CURRENT_PROJECT_VERSION = 1;
				DEVELOPMENT_TEAM = R3B8FY6GM3;
				GENERATE_INFOPLIST_FILE = YES;
				MARKETING_VERSION = 1.0;
				PRODUCT_BUNDLE_IDENTIFIER = com.shotaro.doi.PanformUITests;
				PRODUCT_NAME = "$(TARGET_NAME)";
				SWIFT_EMIT_LOC_STRINGS = NO;
				SWIFT_VERSION = 5.0;
				TARGETED_DEVICE_FAMILY = "1,2";
				TEST_TARGET_NAME = Panform;
			};
			name = Debug;
		};
		F80B64442D33F31800C067D2 /* Release */ = {
			isa = XCBuildConfiguration;
			buildSettings = {
				CODE_SIGN_STYLE = Automatic;
				CURRENT_PROJECT_VERSION = 1;
				DEVELOPMENT_TEAM = R3B8FY6GM3;
				GENERATE_INFOPLIST_FILE = YES;
				MARKETING_VERSION = 1.0;
				PRODUCT_BUNDLE_IDENTIFIER = com.shotaro.doi.PanformUITests;
				PRODUCT_NAME = "$(TARGET_NAME)";
				SWIFT_EMIT_LOC_STRINGS = NO;
				SWIFT_VERSION = 5.0;
				TARGETED_DEVICE_FAMILY = "1,2";
				TEST_TARGET_NAME = Panform;
			};
			name = Release;
		};
/* End XCBuildConfiguration section */

/* Begin XCConfigurationList section */
		F80B640C2D33F31700C067D2 /* Build configuration list for PBXProject "Panform" */ = {
			isa = XCConfigurationList;
			buildConfigurations = (
				F80B643D2D33F31800C067D2 /* Debug */,
				F80B643E2D33F31800C067D2 /* Release */,
			);
			defaultConfigurationIsVisible = 0;
			defaultConfigurationName = Release;
		};
		F80B643A2D33F31800C067D2 /* Build configuration list for PBXNativeTarget "Panform" */ = {
			isa = XCConfigurationList;
			buildConfigurations = (
				F80B643B2D33F31800C067D2 /* Debug */,
				F80B643C2D33F31800C067D2 /* Release */,
			);
			defaultConfigurationIsVisible = 0;
			defaultConfigurationName = Release;
		};
		F80B643F2D33F31800C067D2 /* Build configuration list for PBXNativeTarget "PanformTests" */ = {
			isa = XCConfigurationList;
			buildConfigurations = (
				F80B64402D33F31800C067D2 /* Debug */,
				F80B64412D33F31800C067D2 /* Release */,
			);
			defaultConfigurationIsVisible = 0;
			defaultConfigurationName = Release;
		};
		F80B64422D33F31800C067D2 /* Build configuration list for PBXNativeTarget "PanformUITests" */ = {
			isa = XCConfigurationList;
			buildConfigurations = (
				F80B64432D33F31800C067D2 /* Debug */,
				F80B64442D33F31800C067D2 /* Release */,
			);
			defaultConfigurationIsVisible = 0;
			defaultConfigurationName = Release;
		};
/* End XCConfigurationList section */

/* Begin XCRemoteSwiftPackageReference section */
		F84491902D4F735A00EDA7EF /* XCRemoteSwiftPackageReference "ios-maps-sdk" */ = {
			isa = XCRemoteSwiftPackageReference;
			repositoryURL = "https://github.com/googlemaps/ios-maps-sdk";
			requirement = {
				kind = upToNextMajorVersion;
				minimumVersion = 9.3.0;
			};
		};
		F8E616ED2DC6E14800B90AAB /* XCRemoteSwiftPackageReference "apollo-ios" */ = {
			isa = XCRemoteSwiftPackageReference;
			repositoryURL = "https://github.com/apollographql/apollo-ios.git";
			requirement = {
				kind = upToNextMajorVersion;
				minimumVersion = 1.21.0;
			};
		};
		F8E61B0C2DCDEDC100B90AAB /* XCRemoteSwiftPackageReference "firebase-ios-sdk" */ = {
			isa = XCRemoteSwiftPackageReference;
			repositoryURL = "https://github.com/firebase/firebase-ios-sdk";
			requirement = {
				kind = upToNextMajorVersion;
				minimumVersion = 11.12.0;
			};
		};
/* End XCRemoteSwiftPackageReference section */

/* Begin XCSwiftPackageProductDependency section */
		F84491942D4F778C00EDA7EF /* GoogleMaps */ = {
			isa = XCSwiftPackageProductDependency;
			package = F84491902D4F735A00EDA7EF /* XCRemoteSwiftPackageReference "ios-maps-sdk" */;
			productName = GoogleMaps;
		};
		F8E616EE2DC6E14800B90AAB /* Apollo */ = {
			isa = XCSwiftPackageProductDependency;
			package = F8E616ED2DC6E14800B90AAB /* XCRemoteSwiftPackageReference "apollo-ios" */;
			productName = Apollo;
		};
		F8E616F22DC6E14800B90AAB /* ApolloAPI */ = {
			isa = XCSwiftPackageProductDependency;
			package = F8E616ED2DC6E14800B90AAB /* XCRemoteSwiftPackageReference "apollo-ios" */;
			productName = ApolloAPI;
		};
		F8E616F42DC6E14800B90AAB /* ApolloSQLite */ = {
			isa = XCSwiftPackageProductDependency;
			package = F8E616ED2DC6E14800B90AAB /* XCRemoteSwiftPackageReference "apollo-ios" */;
			productName = ApolloSQLite;
		};
		F8E616F62DC6E14800B90AAB /* ApolloTestSupport */ = {
			isa = XCSwiftPackageProductDependency;
			package = F8E616ED2DC6E14800B90AAB /* XCRemoteSwiftPackageReference "apollo-ios" */;
			productName = ApolloTestSupport;
		};
		F8E61B0D2DCDEDC100B90AAB /* FirebaseCore */ = {
			isa = XCSwiftPackageProductDependency;
			package = F8E61B0C2DCDEDC100B90AAB /* XCRemoteSwiftPackageReference "firebase-ios-sdk" */;
			productName = FirebaseCore;
		};
		F8E61B0F2DCDEDC100B90AAB /* FirebaseStorage */ = {
			isa = XCSwiftPackageProductDependency;
			package = F8E61B0C2DCDEDC100B90AAB /* XCRemoteSwiftPackageReference "firebase-ios-sdk" */;
			productName = FirebaseStorage;
		};
		F8E61BFA2DD1AE2500B90AAB /* FirebaseAuth */ = {
			isa = XCSwiftPackageProductDependency;
			package = F8E61B0C2DCDEDC100B90AAB /* XCRemoteSwiftPackageReference "firebase-ios-sdk" */;
			productName = FirebaseAuth;
		};
/* End XCSwiftPackageProductDependency section */
	};
	rootObject = F80B64092D33F31700C067D2 /* Project object */;
}
